
Microsoft Visual Studio Solution File, Format Version 12.00
# Visual Studio Version 16
VisualStudioVersion = 16.0.31019.35
MinimumVisualStudioVersion = 10.0.40219.1
Project("{9A19103F-16F7-4668-BE54-9A1E7A4F7556}") = "Battleships", "Battleships\Battleships.csproj", "{CF66CE7F-9298-43D9-BE7F-38E0BE286187}"
EndProject
Project("{9A19103F-16F7-4668-BE54-9A1E7A4F7556}") = "BattleshipsTests", "BattleshipsTests\BattleshipsTests.csproj", "{B7C93630-CFF7-426A-8E69-51F33E4AA850}"
EndProject
Global
	GlobalSection(SolutionConfigurationPlatforms) = preSolution
		Debug|Any CPU = Debug|Any CPU
		Release|Any CPU = Release|Any CPU
	EndGlobalSection
	GlobalSection(ProjectConfigurationPlatforms) = postSolution
		{CF66CE7F-9298-43D9-BE7F-38E0BE286187}.Debug|Any CPU.ActiveCfg = Debug|Any CPU
		{CF66CE7F-9298-43D9-BE7F-38E0BE286187}.Debug|Any CPU.Build.0 = Debug|Any CPU
		{CF66CE7F-9298-43D9-BE7F-38E0BE286187}.Release|Any CPU.ActiveCfg = Release|Any CPU
		{CF66CE7F-9298-43D9-BE7F-38E0BE286187}.Release|Any CPU.Build.0 = Release|Any CPU
		{B7C93630-CFF7-426A-8E69-51F33E4AA850}.Debug|Any CPU.ActiveCfg = Debug|Any CPU
		{B7C93630-CFF7-426A-8E69-51F33E4AA850}.Debug|Any CPU.Build.0 = Debug|Any CPU
		{B7C93630-CFF7-426A-8E69-51F33E4AA850}.Release|Any CPU.ActiveCfg = Release|Any CPU
		{B7C93630-CFF7-426A-8E69-51F33E4AA850}.Release|Any CPU.Build.0 = Release|Any CPU
	EndGlobalSection
	GlobalSection(SolutionProperties) = preSolution
		HideSolutionNode = FALSE
	EndGlobalSection
	GlobalSection(ExtensibilityGlobals) = postSolution
		SolutionGuid = {1ED19374-220F-46E3-A917-4C5DEB867A09}
	EndGlobalSection
EndGlobal
